
Microsoft Visual Studio Solution File, Format Version 12.00
# Visual Studio Version 16
VisualStudioVersion = 16.0.31205.134
MinimumVisualStudioVersion = 10.0.40219.1
Project("{FAE04EC0-301F-11D3-BF4B-00C04F79EFBC}") = "lesson4.3", "lesson4.3.csproj", "{3B2CF0CF-D4BA-475C-A020-F2F378324576}"
EndProject
Global
	GlobalSection(SolutionConfigurationPlatforms) = preSolution
		Debug|Any CPU = Debug|Any CPU
		Release|Any CPU = Release|Any CPU
	EndGlobalSection
	GlobalSection(ProjectConfigurationPlatforms) = postSolution
		{3B2CF0CF-D4BA-475C-A020-F2F378324576}.Debug|Any CPU.ActiveCfg = Debug|Any CPU
		{3B2CF0CF-D4BA-475C-A020-F2F378324576}.Debug|Any CPU.Build.0 = Debug|Any CPU
		{3B2CF0CF-D4BA-475C-A020-F2F378324576}.Release|Any CPU.ActiveCfg = Release|Any CPU
		{3B2CF0CF-D4BA-475C-A020-F2F378324576}.Release|Any CPU.Build.0 = Release|Any CPU
	EndGlobalSection
	GlobalSection(SolutionProperties) = preSolution
		HideSolutionNode = FALSE
	EndGlobalSection
	GlobalSection(ExtensibilityGlobals) = postSolution
		SolutionGuid = {591890B5-29D9-424B-8311-54F2BB2CC092}
	EndGlobalSection
EndGlobal
